<?xml version="1.0" encoding="UTF-8"?>
<Scheme
   LastUpgradeVersion = "1420"
   version = "1.3">
   <BuildAction
      parallelizeBuildables = "YES"
      buildImplicitDependencies = "YES">
      <BuildActionEntries>
         <BuildActionEntry
            buildForTesting = "YES"
            buildForRunning = "YES"
            buildForProfiling = "YES"
            buildForArchiving = "YES"
            buildForAnalyzing = "YES">
            <BuildableReference
               BuildableIdentifier = "primary"
               BlueprintIdentifier = "C4C5E8E72784496E00C59F65"
               BuildableName = "jsr"
               BlueprintName = "jsr"
               ReferencedContainer = "container:Jira Sprint Reporter.xcodeproj">
            </BuildableReference>
         </BuildActionEntry>
      </BuildActionEntries>
   </BuildAction>
   <TestAction
      buildConfiguration = "Debug"
      selectedDebuggerIdentifier = "Xcode.DebuggerFoundation.Debugger.LLDB"
      selectedLauncherIdentifier = "Xcode.DebuggerFoundation.Launcher.LLDB"
      shouldUseLaunchSchemeArgsEnv = "YES">
      <Testables>
      </Testables>
   </TestAction>
   <LaunchAction
      buildConfiguration = "Debug"
      selectedDebuggerIdentifier = "Xcode.DebuggerFoundation.Debugger.LLDB"
      selectedLauncherIdentifier = "Xcode.DebuggerFoundation.Launcher.LLDB"
      launchStyle = "0"
      useCustomWorkingDirectory = "NO"
      ignoresPersistentStateOnLaunch = "NO"
      debugDocumentVersioning = "YES"
      debugServiceExtension = "internal"
      allowLocationSimulation = "YES">
      <BuildableProductRunnable
         runnableDebuggingMode = "0">
         <BuildableReference
            BuildableIdentifier = "primary"
            BlueprintIdentifier = "C4C5E8E72784496E00C59F65"
            BuildableName = "jsr"
            BlueprintName = "jsr"
            ReferencedContainer = "container:Jira Sprint Reporter.xcodeproj">
         </BuildableReference>
      </BuildableProductRunnable>
      <CommandLineArguments>
         <CommandLineArgument
            argument = "-c &quot;ajs_anonymous_id=%2252536d0b-e823-497d-9e9c-b3b2d3d11fbe%22; cloud.session.token=eyJraWQiOiJzZXNzaW9uLXNlcnZpY2VcL3Byb2QtMTU5Mjg1ODM5NCIsImFsZyI6IlJTMjU2In0.eyJhc3NvY2lhdGlvbnMiOltdLCJzdWIiOiI2MmQ2ZTIwZTY1N2ZjMTY2ZTI2MDM5OTkiLCJlbWFpbERvbWFpbiI6InJlY2hhcmdlLmNvbSIsImltcGVyc29uYXRpb24iOltdLCJjcmVhdGVkIjoxNjU5MzQwMjE4LCJyZWZyZXNoVGltZW91dCI6MTY3MTA0Mzk0NCwidmVyaWZpZWQiOnRydWUsImlzcyI6InNlc3Npb24tc2VydmljZSIsInNlc3Npb25JZCI6IjJiNzFkNmI4LTc1MzQtNGU1NS05ZDdlLTNmNWIwZGY2NWVmOSIsInN0ZXBVcHMiOltdLCJhdWQiOiJhdGxhc3NpYW4iLCJuYmYiOjE2NzEwNDMzNDQsImV4cCI6MTY3MzYzNTM0NCwiaWF0IjoxNjcxMDQzMzQ0LCJlbWFpbCI6ImpvcnJpdC52YW4uYXNzZWx0QHJlY2hhcmdlLmNvbSIsImp0aSI6IjJiNzFkNmI4LTc1MzQtNGU1NS05ZDdlLTNmNWIwZGY2NWVmOSJ9.eANx_lFmfIWfSGaXkHAAYoHWnBraKt_upxyWAd7fDicv4AwzIvE9fmhovEWOMkEzn4Ik67gnZ6Rl7x6sDMKAFYip3KzNcCuF85Mp0vsImg1emMmNn9p-5wl4qgtJASR-xToftANXE7x7JEs1uJKZ29flXVHEZEVRg86OPRZsdJ32TzB0-R0HJ1gfAQYhvBt4NWJLINx2cwK7AjdQCwx-iyAXrv_5FBfioEU6ACjKsJAbn-SvbRnPcFeXSua0q1-ggGlKLBI4JtGjsV8WE9JNqsLrl8vuCt5SYGF-6NUo7G6VgMaQfW4R2ihvwoZ6Gd5rME8L5bL085vgYxfse-0QMw; JSESSIONID=804FFBEEA9528B5E35C9FE89C27BF045; atlassian.xsrf.token=4e812620-4710-4353-b78a-d35220e2626a_61304be74fbce634ec5fd5846a9f330196afee6e_lin&quot; -p &quot;MT&quot;&quot;"
            isEnabled = "YES">
         </CommandLineArgument>
      </CommandLineArguments>
   </LaunchAction>
   <ProfileAction
      buildConfiguration = "Release"
      shouldUseLaunchSchemeArgsEnv = "YES"
      savedToolIdentifier = ""
      useCustomWorkingDirectory = "NO"
      debugDocumentVersioning = "YES">
      <BuildableProductRunnable
         runnableDebuggingMode = "0">
         <BuildableReference
            BuildableIdentifier = "primary"
            BlueprintIdentifier = "C4C5E8E72784496E00C59F65"
            BuildableName = "jsr"
            BlueprintName = "jsr"
            ReferencedContainer = "container:Jira Sprint Reporter.xcodeproj">
         </BuildableReference>
      </BuildableProductRunnable>
   </ProfileAction>
   <AnalyzeAction
      buildConfiguration = "Debug">
   </AnalyzeAction>
   <ArchiveAction
      buildConfiguration = "Release"
      revealArchiveInOrganizer = "YES">
   </ArchiveAction>
</Scheme>
