// !$*UTF8*$!
{
	archiveVersion = 1;
	classes = {
	};
	objectVersion = 55;
	objects = {

/* Begin PBXBuildFile section */
		C49440D3278477FF000600CA /* URLRequest+JIRA.swift in Sources */ = {isa = PBXBuildFile; fileRef = C49440D2278477FF000600CA /* URLRequest+JIRA.swift */; };
		C49440D527847873000600CA /* Issue.swift in Sources */ = {isa = PBXBuildFile; fileRef = C49440D427847873000600CA /* Issue.swift */; };
		C49440D72784790B000600CA /* BoardsFetcher.swift in Sources */ = {isa = PBXBuildFile; fileRef = C49440D62784790B000600CA /* BoardsFetcher.swift */; };
		C49440D92784794E000600CA /* SprintsFetcher.swift in Sources */ = {isa = PBXBuildFile; fileRef = C49440D82784794E000600CA /* SprintsFetcher.swift */; };
		C49440DB278479B0000600CA /* BurndownFetcher.swift in Sources */ = {isa = PBXBuildFile; fileRef = C49440DA278479B0000600CA /* BurndownFetcher.swift */; };
		C49440DD278479CC000600CA /* IssuesDetailsFetcher.swift in Sources */ = {isa = PBXBuildFile; fileRef = C49440DC278479CC000600CA /* IssuesDetailsFetcher.swift */; };
		C49440E0278479F6000600CA /* SprintAccountant.swift in Sources */ = {isa = PBXBuildFile; fileRef = C49440DF278479F6000600CA /* SprintAccountant.swift */; };
		C49440E227847A05000600CA /* Ticket.swift in Sources */ = {isa = PBXBuildFile; fileRef = C49440E127847A05000600CA /* Ticket.swift */; };
		C49440E427847A22000600CA /* SprintAccount.swift in Sources */ = {isa = PBXBuildFile; fileRef = C49440E327847A22000600CA /* SprintAccount.swift */; };
		C49440EC27847D0F000600CA /* AppDelegate.swift in Sources */ = {isa = PBXBuildFile; fileRef = C49440EB27847D0F000600CA /* AppDelegate.swift */; };
		C49440EE27847D0F000600CA /* ViewController.swift in Sources */ = {isa = PBXBuildFile; fileRef = C49440ED27847D0F000600CA /* ViewController.swift */; };
		C49440F027847D11000600CA /* Assets.xcassets in Resources */ = {isa = PBXBuildFile; fileRef = C49440EF27847D11000600CA /* Assets.xcassets */; };
		C49440F327847D11000600CA /* Main.storyboard in Resources */ = {isa = PBXBuildFile; fileRef = C49440F127847D11000600CA /* Main.storyboard */; };
		C49440F827847D24000600CA /* URLRequest+JIRA.swift in Sources */ = {isa = PBXBuildFile; fileRef = C49440D2278477FF000600CA /* URLRequest+JIRA.swift */; };
		C49440F927847D27000600CA /* Issue.swift in Sources */ = {isa = PBXBuildFile; fileRef = C49440D427847873000600CA /* Issue.swift */; };
		C49440FB27847D43000600CA /* FetchScheduler.swift in Sources */ = {isa = PBXBuildFile; fileRef = C49440FA27847D43000600CA /* FetchScheduler.swift */; };
		C49440FD27847D57000600CA /* SprintRetriever.swift in Sources */ = {isa = PBXBuildFile; fileRef = C49440FC27847D57000600CA /* SprintRetriever.swift */; };
		C49440FF27847D6D000600CA /* SprintsReviewer.swift in Sources */ = {isa = PBXBuildFile; fileRef = C49440FE27847D6D000600CA /* SprintsReviewer.swift */; };
		C494410127847D85000600CA /* TicketsHistoryFetcher.swift in Sources */ = {isa = PBXBuildFile; fileRef = C494410027847D85000600CA /* TicketsHistoryFetcher.swift */; };
		C494410327847D9E000600CA /* TicketsInActiveSprintFetcher.swift in Sources */ = {isa = PBXBuildFile; fileRef = C494410227847D9E000600CA /* TicketsInActiveSprintFetcher.swift */; };
		C4C5E8EC2784496E00C59F65 /* main.swift in Sources */ = {isa = PBXBuildFile; fileRef = C4C5E8EB2784496E00C59F65 /* main.swift */; };
/* End PBXBuildFile section */

/* Begin PBXCopyFilesBuildPhase section */
		C4C5E8E62784496E00C59F65 /* CopyFiles */ = {
			isa = PBXCopyFilesBuildPhase;
			buildActionMask = 2147483647;
			dstPath = /usr/share/man/man1/;
			dstSubfolderSpec = 0;
			files = (
			);
			runOnlyForDeploymentPostprocessing = 1;
		};
/* End PBXCopyFilesBuildPhase section */

/* Begin PBXFileReference section */
		C49440D2278477FF000600CA /* URLRequest+JIRA.swift */ = {isa = PBXFileReference; lastKnownFileType = sourcecode.swift; path = "URLRequest+JIRA.swift"; sourceTree = "<group>"; };
		C49440D427847873000600CA /* Issue.swift */ = {isa = PBXFileReference; lastKnownFileType = sourcecode.swift; path = Issue.swift; sourceTree = "<group>"; };
		C49440D62784790B000600CA /* BoardsFetcher.swift */ = {isa = PBXFileReference; lastKnownFileType = sourcecode.swift; path = BoardsFetcher.swift; sourceTree = "<group>"; };
		C49440D82784794E000600CA /* SprintsFetcher.swift */ = {isa = PBXFileReference; lastKnownFileType = sourcecode.swift; path = SprintsFetcher.swift; sourceTree = "<group>"; };
		C49440DA278479B0000600CA /* BurndownFetcher.swift */ = {isa = PBXFileReference; lastKnownFileType = sourcecode.swift; path = BurndownFetcher.swift; sourceTree = "<group>"; };
		C49440DC278479CC000600CA /* IssuesDetailsFetcher.swift */ = {isa = PBXFileReference; lastKnownFileType = sourcecode.swift; path = IssuesDetailsFetcher.swift; sourceTree = "<group>"; };
		C49440DF278479F6000600CA /* SprintAccountant.swift */ = {isa = PBXFileReference; lastKnownFileType = sourcecode.swift; path = SprintAccountant.swift; sourceTree = "<group>"; };
		C49440E127847A05000600CA /* Ticket.swift */ = {isa = PBXFileReference; lastKnownFileType = sourcecode.swift; path = Ticket.swift; sourceTree = "<group>"; };
		C49440E327847A22000600CA /* SprintAccount.swift */ = {isa = PBXFileReference; lastKnownFileType = sourcecode.swift; path = SprintAccount.swift; sourceTree = "<group>"; };
		C49440E927847D0F000600CA /* jsn.app */ = {isa = PBXFileReference; explicitFileType = wrapper.application; includeInIndex = 0; path = jsn.app; sourceTree = BUILT_PRODUCTS_DIR; };
		C49440EB27847D0F000600CA /* AppDelegate.swift */ = {isa = PBXFileReference; lastKnownFileType = sourcecode.swift; path = AppDelegate.swift; sourceTree = "<group>"; };
		C49440ED27847D0F000600CA /* ViewController.swift */ = {isa = PBXFileReference; lastKnownFileType = sourcecode.swift; path = ViewController.swift; sourceTree = "<group>"; };
		C49440EF27847D11000600CA /* Assets.xcassets */ = {isa = PBXFileReference; lastKnownFileType = folder.assetcatalog; path = Assets.xcassets; sourceTree = "<group>"; };
		C49440F227847D11000600CA /* Base */ = {isa = PBXFileReference; lastKnownFileType = file.storyboard; name = Base; path = Base.lproj/Main.storyboard; sourceTree = "<group>"; };
		C49440F427847D11000600CA /* jsn.entitlements */ = {isa = PBXFileReference; lastKnownFileType = text.plist.entitlements; path = jsn.entitlements; sourceTree = "<group>"; };
		C49440FA27847D43000600CA /* FetchScheduler.swift */ = {isa = PBXFileReference; lastKnownFileType = sourcecode.swift; path = FetchScheduler.swift; sourceTree = "<group>"; };
		C49440FC27847D57000600CA /* SprintRetriever.swift */ = {isa = PBXFileReference; lastKnownFileType = sourcecode.swift; path = SprintRetriever.swift; sourceTree = "<group>"; };
		C49440FE27847D6D000600CA /* SprintsReviewer.swift */ = {isa = PBXFileReference; lastKnownFileType = sourcecode.swift; path = SprintsReviewer.swift; sourceTree = "<group>"; };
		C494410027847D85000600CA /* TicketsHistoryFetcher.swift */ = {isa = PBXFileReference; lastKnownFileType = sourcecode.swift; path = TicketsHistoryFetcher.swift; sourceTree = "<group>"; };
		C494410227847D9E000600CA /* TicketsInActiveSprintFetcher.swift */ = {isa = PBXFileReference; lastKnownFileType = sourcecode.swift; path = TicketsInActiveSprintFetcher.swift; sourceTree = "<group>"; };
		C4C5E8E82784496E00C59F65 /* jsr */ = {isa = PBXFileReference; explicitFileType = "compiled.mach-o.executable"; includeInIndex = 0; path = jsr; sourceTree = BUILT_PRODUCTS_DIR; };
		C4C5E8EB2784496E00C59F65 /* main.swift */ = {isa = PBXFileReference; lastKnownFileType = sourcecode.swift; path = main.swift; sourceTree = "<group>"; };
/* End PBXFileReference section */

/* Begin PBXFrameworksBuildPhase section */
		C49440E627847D0F000600CA /* Frameworks */ = {
			isa = PBXFrameworksBuildPhase;
			buildActionMask = 2147483647;
			files = (
			);
			runOnlyForDeploymentPostprocessing = 0;
		};
		C4C5E8E52784496E00C59F65 /* Frameworks */ = {
			isa = PBXFrameworksBuildPhase;
			buildActionMask = 2147483647;
			files = (
			);
			runOnlyForDeploymentPostprocessing = 0;
		};
/* End PBXFrameworksBuildPhase section */

/* Begin PBXGroup section */
		C49440DE278479DB000600CA /* SprintAccountant */ = {
			isa = PBXGroup;
			children = (
				C49440DF278479F6000600CA /* SprintAccountant.swift */,
				C49440E127847A05000600CA /* Ticket.swift */,
				C49440E327847A22000600CA /* SprintAccount.swift */,
			);
			path = SprintAccountant;
			sourceTree = "<group>";
		};
		C49440EA27847D0F000600CA /* jsn */ = {
			isa = PBXGroup;
			children = (
				C49440EB27847D0F000600CA /* AppDelegate.swift */,
				C49440FA27847D43000600CA /* FetchScheduler.swift */,
				C49440FC27847D57000600CA /* SprintRetriever.swift */,
				C49440FE27847D6D000600CA /* SprintsReviewer.swift */,
				C494410027847D85000600CA /* TicketsHistoryFetcher.swift */,
				C494410227847D9E000600CA /* TicketsInActiveSprintFetcher.swift */,
				C49440ED27847D0F000600CA /* ViewController.swift */,
				C49440EF27847D11000600CA /* Assets.xcassets */,
				C49440F127847D11000600CA /* Main.storyboard */,
				C49440F427847D11000600CA /* jsn.entitlements */,
			);
			path = jsn;
			sourceTree = "<group>";
		};
		C4C5E8DF2784496E00C59F65 = {
			isa = PBXGroup;
			children = (
				C4C5E8F22784499700C59F65 /* shared */,
				C4C5E8EA2784496E00C59F65 /* jsr */,
				C49440EA27847D0F000600CA /* jsn */,
				C4C5E8E92784496E00C59F65 /* Products */,
			);
			sourceTree = "<group>";
		};
		C4C5E8E92784496E00C59F65 /* Products */ = {
			isa = PBXGroup;
			children = (
				C4C5E8E82784496E00C59F65 /* jsr */,
				C49440E927847D0F000600CA /* jsn.app */,
			);
			name = Products;
			sourceTree = "<group>";
		};
		C4C5E8EA2784496E00C59F65 /* jsr */ = {
			isa = PBXGroup;
			children = (
				C4C5E8EB2784496E00C59F65 /* main.swift */,
				C49440D62784790B000600CA /* BoardsFetcher.swift */,
				C49440D82784794E000600CA /* SprintsFetcher.swift */,
				C49440DA278479B0000600CA /* BurndownFetcher.swift */,
				C49440DC278479CC000600CA /* IssuesDetailsFetcher.swift */,
				C49440DE278479DB000600CA /* SprintAccountant */,
			);
			path = jsr;
			sourceTree = "<group>";
		};
		C4C5E8F22784499700C59F65 /* shared */ = {
			isa = PBXGroup;
			children = (
				C49440D2278477FF000600CA /* URLRequest+JIRA.swift */,
				C49440D427847873000600CA /* Issue.swift */,
			);
			path = shared;
			sourceTree = "<group>";
		};
/* End PBXGroup section */

/* Begin PBXNativeTarget section */
		C49440E827847D0F000600CA /* jsn */ = {
			isa = PBXNativeTarget;
			buildConfigurationList = C49440F527847D11000600CA /* Build configuration list for PBXNativeTarget "jsn" */;
			buildPhases = (
				C49440E527847D0F000600CA /* Sources */,
				C49440E627847D0F000600CA /* Frameworks */,
				C49440E727847D0F000600CA /* Resources */,
			);
			buildRules = (
			);
			dependencies = (
			);
			name = jsn;
			productName = jsn;
			productReference = C49440E927847D0F000600CA /* jsn.app */;
			productType = "com.apple.product-type.application";
		};
		C4C5E8E72784496E00C59F65 /* jsr */ = {
			isa = PBXNativeTarget;
			buildConfigurationList = C4C5E8EF2784496E00C59F65 /* Build configuration list for PBXNativeTarget "jsr" */;
			buildPhases = (
				C4C5E8E42784496E00C59F65 /* Sources */,
				C4C5E8E52784496E00C59F65 /* Frameworks */,
				C4C5E8E62784496E00C59F65 /* CopyFiles */,
			);
			buildRules = (
			);
			dependencies = (
			);
			name = jsr;
			productName = "Jira Sprint Reporter";
			productReference = C4C5E8E82784496E00C59F65 /* jsr */;
			productType = "com.apple.product-type.tool";
		};
/* End PBXNativeTarget section */

/* Begin PBXProject section */
		C4C5E8E02784496E00C59F65 /* Project object */ = {
			isa = PBXProject;
			attributes = {
				BuildIndependentTargetsInParallel = 1;
				LastSwiftUpdateCheck = 1300;
				LastUpgradeCheck = 1300;
				TargetAttributes = {
					C49440E827847D0F000600CA = {
						CreatedOnToolsVersion = 13.0;
					};
					C4C5E8E72784496E00C59F65 = {
						CreatedOnToolsVersion = 13.0;
					};
				};
			};
			buildConfigurationList = C4C5E8E32784496E00C59F65 /* Build configuration list for PBXProject "Jira Sprint Reporter" */;
			compatibilityVersion = "Xcode 13.0";
			developmentRegion = en;
			hasScannedForEncodings = 0;
			knownRegions = (
				en,
				Base,
			);
			mainGroup = C4C5E8DF2784496E00C59F65;
			productRefGroup = C4C5E8E92784496E00C59F65 /* Products */;
			projectDirPath = "";
			projectRoot = "";
			targets = (
				C4C5E8E72784496E00C59F65 /* jsr */,
				C49440E827847D0F000600CA /* jsn */,
			);
		};
/* End PBXProject section */

/* Begin PBXResourcesBuildPhase section */
		C49440E727847D0F000600CA /* Resources */ = {
			isa = PBXResourcesBuildPhase;
			buildActionMask = 2147483647;
			files = (
				C49440F027847D11000600CA /* Assets.xcassets in Resources */,
				C49440F327847D11000600CA /* Main.storyboard in Resources */,
			);
			runOnlyForDeploymentPostprocessing = 0;
		};
/* End PBXResourcesBuildPhase section */

/* Begin PBXSourcesBuildPhase section */
		C49440E527847D0F000600CA /* Sources */ = {
			isa = PBXSourcesBuildPhase;
			buildActionMask = 2147483647;
			files = (
				C494410127847D85000600CA /* TicketsHistoryFetcher.swift in Sources */,
				C49440FB27847D43000600CA /* FetchScheduler.swift in Sources */,
				C49440F827847D24000600CA /* URLRequest+JIRA.swift in Sources */,
				C49440FF27847D6D000600CA /* SprintsReviewer.swift in Sources */,
				C49440FD27847D57000600CA /* SprintRetriever.swift in Sources */,
				C49440EE27847D0F000600CA /* ViewController.swift in Sources */,
				C494410327847D9E000600CA /* TicketsInActiveSprintFetcher.swift in Sources */,
				C49440EC27847D0F000600CA /* AppDelegate.swift in Sources */,
				C49440F927847D27000600CA /* Issue.swift in Sources */,
			);
			runOnlyForDeploymentPostprocessing = 0;
		};
		C4C5E8E42784496E00C59F65 /* Sources */ = {
			isa = PBXSourcesBuildPhase;
			buildActionMask = 2147483647;
			files = (
				C49440DB278479B0000600CA /* BurndownFetcher.swift in Sources */,
				C49440E0278479F6000600CA /* SprintAccountant.swift in Sources */,
				C4C5E8EC2784496E00C59F65 /* main.swift in Sources */,
				C49440D92784794E000600CA /* SprintsFetcher.swift in Sources */,
				C49440E227847A05000600CA /* Ticket.swift in Sources */,
				C49440D3278477FF000600CA /* URLRequest+JIRA.swift in Sources */,
				C49440D72784790B000600CA /* BoardsFetcher.swift in Sources */,
				C49440D527847873000600CA /* Issue.swift in Sources */,
				C49440DD278479CC000600CA /* IssuesDetailsFetcher.swift in Sources */,
				C49440E427847A22000600CA /* SprintAccount.swift in Sources */,
			);
			runOnlyForDeploymentPostprocessing = 0;
		};
/* End PBXSourcesBuildPhase section */

/* Begin PBXVariantGroup section */
		C49440F127847D11000600CA /* Main.storyboard */ = {
			isa = PBXVariantGroup;
			children = (
				C49440F227847D11000600CA /* Base */,
			);
			name = Main.storyboard;
			sourceTree = "<group>";
		};
/* End PBXVariantGroup section */

/* Begin XCBuildConfiguration section */
		C49440F627847D11000600CA /* Debug */ = {
			isa = XCBuildConfiguration;
			buildSettings = {
				ASSETCATALOG_COMPILER_APPICON_NAME = AppIcon;
				ASSETCATALOG_COMPILER_GLOBAL_ACCENT_COLOR_NAME = AccentColor;
				CODE_SIGN_ENTITLEMENTS = jsn/jsn.entitlements;
				CODE_SIGN_STYLE = Automatic;
				COMBINE_HIDPI_IMAGES = YES;
				CURRENT_PROJECT_VERSION = 1;
				DEVELOPMENT_TEAM = Q6Y4K9ZAG4;
				ENABLE_HARDENED_RUNTIME = YES;
				GENERATE_INFOPLIST_FILE = YES;
				INFOPLIST_KEY_NSHumanReadableCopyright = "";
				INFOPLIST_KEY_NSMainStoryboardFile = Main;
				INFOPLIST_KEY_NSPrincipalClass = NSApplication;
				LD_RUNPATH_SEARCH_PATHS = (
					"$(inherited)",
					"@executable_path/../Frameworks",
				);
				MARKETING_VERSION = 1.0;
				PRODUCT_BUNDLE_IDENTIFIER = com.tripactions.jsn;
				PRODUCT_NAME = "$(TARGET_NAME)";
				SWIFT_EMIT_LOC_STRINGS = YES;
				SWIFT_VERSION = 5.0;
			};
			name = Debug;
		};
		C49440F727847D11000600CA /* Release */ = {
			isa = XCBuildConfiguration;
			buildSettings = {
				ASSETCATALOG_COMPILER_APPICON_NAME = AppIcon;
				ASSETCATALOG_COMPILER_GLOBAL_ACCENT_COLOR_NAME = AccentColor;
				CODE_SIGN_ENTITLEMENTS = jsn/jsn.entitlements;
				CODE_SIGN_STYLE = Automatic;
				COMBINE_HIDPI_IMAGES = YES;
				CURRENT_PROJECT_VERSION = 1;
				DEVELOPMENT_TEAM = Q6Y4K9ZAG4;
				ENABLE_HARDENED_RUNTIME = YES;
				GENERATE_INFOPLIST_FILE = YES;
				INFOPLIST_KEY_NSHumanReadableCopyright = "";
				INFOPLIST_KEY_NSMainStoryboardFile = Main;
				INFOPLIST_KEY_NSPrincipalClass = NSApplication;
				LD_RUNPATH_SEARCH_PATHS = (
					"$(inherited)",
					"@executable_path/../Frameworks",
				);
				MARKETING_VERSION = 1.0;
				PRODUCT_BUNDLE_IDENTIFIER = com.tripactions.jsn;
				PRODUCT_NAME = "$(TARGET_NAME)";
				SWIFT_EMIT_LOC_STRINGS = YES;
				SWIFT_VERSION = 5.0;
			};
			name = Release;
		};
		C4C5E8ED2784496E00C59F65 /* Debug */ = {
			isa = XCBuildConfiguration;
			buildSettings = {
				ALWAYS_SEARCH_USER_PATHS = NO;
				CLANG_ANALYZER_NONNULL = YES;
				CLANG_ANALYZER_NUMBER_OBJECT_CONVERSION = YES_AGGRESSIVE;
				CLANG_CXX_LANGUAGE_STANDARD = "gnu++17";
				CLANG_CXX_LIBRARY = "libc++";
				CLANG_ENABLE_MODULES = YES;
				CLANG_ENABLE_OBJC_ARC = YES;
				CLANG_ENABLE_OBJC_WEAK = YES;
				CLANG_WARN_BLOCK_CAPTURE_AUTORELEASING = YES;
				CLANG_WARN_BOOL_CONVERSION = YES;
				CLANG_WARN_COMMA = YES;
				CLANG_WARN_CONSTANT_CONVERSION = YES;
				CLANG_WARN_DEPRECATED_OBJC_IMPLEMENTATIONS = YES;
				CLANG_WARN_DIRECT_OBJC_ISA_USAGE = YES_ERROR;
				CLANG_WARN_DOCUMENTATION_COMMENTS = YES;
				CLANG_WARN_EMPTY_BODY = YES;
				CLANG_WARN_ENUM_CONVERSION = YES;
				CLANG_WARN_INFINITE_RECURSION = YES;
				CLANG_WARN_INT_CONVERSION = YES;
				CLANG_WARN_NON_LITERAL_NULL_CONVERSION = YES;
				CLANG_WARN_OBJC_IMPLICIT_RETAIN_SELF = YES;
				CLANG_WARN_OBJC_LITERAL_CONVERSION = YES;
				CLANG_WARN_OBJC_ROOT_CLASS = YES_ERROR;
				CLANG_WARN_QUOTED_INCLUDE_IN_FRAMEWORK_HEADER = YES;
				CLANG_WARN_RANGE_LOOP_ANALYSIS = YES;
				CLANG_WARN_STRICT_PROTOTYPES = YES;
				CLANG_WARN_SUSPICIOUS_MOVE = YES;
				CLANG_WARN_UNGUARDED_AVAILABILITY = YES_AGGRESSIVE;
				CLANG_WARN_UNREACHABLE_CODE = YES;
				CLANG_WARN__DUPLICATE_METHOD_MATCH = YES;
				COPY_PHASE_STRIP = NO;
				DEBUG_INFORMATION_FORMAT = dwarf;
				ENABLE_STRICT_OBJC_MSGSEND = YES;
				ENABLE_TESTABILITY = YES;
				GCC_C_LANGUAGE_STANDARD = gnu11;
				GCC_DYNAMIC_NO_PIC = NO;
				GCC_NO_COMMON_BLOCKS = YES;
				GCC_OPTIMIZATION_LEVEL = 0;
				GCC_PREPROCESSOR_DEFINITIONS = (
					"DEBUG=1",
					"$(inherited)",
				);
				GCC_WARN_64_TO_32_BIT_CONVERSION = YES;
				GCC_WARN_ABOUT_RETURN_TYPE = YES_ERROR;
				GCC_WARN_UNDECLARED_SELECTOR = YES;
				GCC_WARN_UNINITIALIZED_AUTOS = YES_AGGRESSIVE;
				GCC_WARN_UNUSED_FUNCTION = YES;
				GCC_WARN_UNUSED_VARIABLE = YES;
				MACOSX_DEPLOYMENT_TARGET = 11.3;
				MTL_ENABLE_DEBUG_INFO = INCLUDE_SOURCE;
				MTL_FAST_MATH = YES;
				ONLY_ACTIVE_ARCH = YES;
				SDKROOT = macosx;
				SWIFT_ACTIVE_COMPILATION_CONDITIONS = DEBUG;
				SWIFT_OPTIMIZATION_LEVEL = "-Onone";
			};
			name = Debug;
		};
		C4C5E8EE2784496E00C59F65 /* Release */ = {
			isa = XCBuildConfiguration;
			buildSettings = {
				ALWAYS_SEARCH_USER_PATHS = NO;
				CLANG_ANALYZER_NONNULL = YES;
				CLANG_ANALYZER_NUMBER_OBJECT_CONVERSION = YES_AGGRESSIVE;
				CLANG_CXX_LANGUAGE_STANDARD = "gnu++17";
				CLANG_CXX_LIBRARY = "libc++";
				CLANG_ENABLE_MODULES = YES;
				CLANG_ENABLE_OBJC_ARC = YES;
				CLANG_ENABLE_OBJC_WEAK = YES;
				CLANG_WARN_BLOCK_CAPTURE_AUTORELEASING = YES;
				CLANG_WARN_BOOL_CONVERSION = YES;
				CLANG_WARN_COMMA = YES;
				CLANG_WARN_CONSTANT_CONVERSION = YES;
				CLANG_WARN_DEPRECATED_OBJC_IMPLEMENTATIONS = YES;
				CLANG_WARN_DIRECT_OBJC_ISA_USAGE = YES_ERROR;
				CLANG_WARN_DOCUMENTATION_COMMENTS = YES;
				CLANG_WARN_EMPTY_BODY = YES;
				CLANG_WARN_ENUM_CONVERSION = YES;
				CLANG_WARN_INFINITE_RECURSION = YES;
				CLANG_WARN_INT_CONVERSION = YES;
				CLANG_WARN_NON_LITERAL_NULL_CONVERSION = YES;
				CLANG_WARN_OBJC_IMPLICIT_RETAIN_SELF = YES;
				CLANG_WARN_OBJC_LITERAL_CONVERSION = YES;
				CLANG_WARN_OBJC_ROOT_CLASS = YES_ERROR;
				CLANG_WARN_QUOTED_INCLUDE_IN_FRAMEWORK_HEADER = YES;
				CLANG_WARN_RANGE_LOOP_ANALYSIS = YES;
				CLANG_WARN_STRICT_PROTOTYPES = YES;
				CLANG_WARN_SUSPICIOUS_MOVE = YES;
				CLANG_WARN_UNGUARDED_AVAILABILITY = YES_AGGRESSIVE;
				CLANG_WARN_UNREACHABLE_CODE = YES;
				CLANG_WARN__DUPLICATE_METHOD_MATCH = YES;
				COPY_PHASE_STRIP = NO;
				DEBUG_INFORMATION_FORMAT = "dwarf-with-dsym";
				ENABLE_NS_ASSERTIONS = NO;
				ENABLE_STRICT_OBJC_MSGSEND = YES;
				GCC_C_LANGUAGE_STANDARD = gnu11;
				GCC_NO_COMMON_BLOCKS = YES;
				GCC_WARN_64_TO_32_BIT_CONVERSION = YES;
				GCC_WARN_ABOUT_RETURN_TYPE = YES_ERROR;
				GCC_WARN_UNDECLARED_SELECTOR = YES;
				GCC_WARN_UNINITIALIZED_AUTOS = YES_AGGRESSIVE;
				GCC_WARN_UNUSED_FUNCTION = YES;
				GCC_WARN_UNUSED_VARIABLE = YES;
				MACOSX_DEPLOYMENT_TARGET = 11.3;
				MTL_ENABLE_DEBUG_INFO = NO;
				MTL_FAST_MATH = YES;
				SDKROOT = macosx;
				SWIFT_COMPILATION_MODE = wholemodule;
				SWIFT_OPTIMIZATION_LEVEL = "-O";
			};
			name = Release;
		};
		C4C5E8F02784496E00C59F65 /* Debug */ = {
			isa = XCBuildConfiguration;
			buildSettings = {
				CODE_SIGN_STYLE = Automatic;
				DEVELOPMENT_TEAM = Q6Y4K9ZAG4;
				ENABLE_HARDENED_RUNTIME = YES;
				PRODUCT_NAME = "$(TARGET_NAME)";
				SWIFT_VERSION = 5.0;
			};
			name = Debug;
		};
		C4C5E8F12784496E00C59F65 /* Release */ = {
			isa = XCBuildConfiguration;
			buildSettings = {
				CODE_SIGN_STYLE = Automatic;
				DEVELOPMENT_TEAM = Q6Y4K9ZAG4;
				ENABLE_HARDENED_RUNTIME = YES;
				PRODUCT_NAME = "$(TARGET_NAME)";
				SWIFT_VERSION = 5.0;
			};
			name = Release;
		};
/* End XCBuildConfiguration section */

/* Begin XCConfigurationList section */
		C49440F527847D11000600CA /* Build configuration list for PBXNativeTarget "jsn" */ = {
			isa = XCConfigurationList;
			buildConfigurations = (
				C49440F627847D11000600CA /* Debug */,
				C49440F727847D11000600CA /* Release */,
			);
			defaultConfigurationIsVisible = 0;
			defaultConfigurationName = Release;
		};
		C4C5E8E32784496E00C59F65 /* Build configuration list for PBXProject "Jira Sprint Reporter" */ = {
			isa = XCConfigurationList;
			buildConfigurations = (
				C4C5E8ED2784496E00C59F65 /* Debug */,
				C4C5E8EE2784496E00C59F65 /* Release */,
			);
			defaultConfigurationIsVisible = 0;
			defaultConfigurationName = Release;
		};
		C4C5E8EF2784496E00C59F65 /* Build configuration list for PBXNativeTarget "jsr" */ = {
			isa = XCConfigurationList;
			buildConfigurations = (
				C4C5E8F02784496E00C59F65 /* Debug */,
				C4C5E8F12784496E00C59F65 /* Release */,
			);
			defaultConfigurationIsVisible = 0;
			defaultConfigurationName = Release;
		};
/* End XCConfigurationList section */
	};
	rootObject = C4C5E8E02784496E00C59F65 /* Project object */;
}
