// !$*UTF8*$!
{
	archiveVersion = 1;
	classes = {
	};
	objectVersion = 55;
	objects = {

/* Begin PBXBuildFile section */
		A22C304C294F9A9800EA743F /* cookiestringconstant.swift in Sources */ = {isa = PBXBuildFile; fileRef = A299CE71294F580C00430546 /* cookiestringconstant.swift */; };
		A22C304E294F9AD000EA743F /* ViewController.swift in Sources */ = {isa = PBXBuildFile; fileRef = A22C304D294F9AD000EA743F /* ViewController.swift */; };
		A22C3050294F9D6600EA743F /* SprintIssuesFetcher.swift in Sources */ = {isa = PBXBuildFile; fileRef = A22C304F294F9D6600EA743F /* SprintIssuesFetcher.swift */; };
		A23E57752950EDB700BD08E9 /* IssuesChangeLogsFetcher.swift in Sources */ = {isa = PBXBuildFile; fileRef = A23E57742950EDB700BD08E9 /* IssuesChangeLogsFetcher.swift */; };
		A23E57772952497300BD08E9 /* SprintReview.swift in Sources */ = {isa = PBXBuildFile; fileRef = A23E57762952497300BD08E9 /* SprintReview.swift */; };
		A23E577A2953A12100BD08E9 /* SprintSummaryFetcher.swift in Sources */ = {isa = PBXBuildFile; fileRef = A23E57792953A12100BD08E9 /* SprintSummaryFetcher.swift */; };
		A299CE6B294E12AB00430546 /* URLResponse+RateLimit.swift in Sources */ = {isa = PBXBuildFile; fileRef = A299CE64294E120700430546 /* URLResponse+RateLimit.swift */; };
		A299CE70294F57BE00430546 /* Global Functions.swift in Sources */ = {isa = PBXBuildFile; fileRef = A299CE6F294F57BE00430546 /* Global Functions.swift */; };
		A299CE72294F580C00430546 /* cookiestringconstant.swift in Sources */ = {isa = PBXBuildFile; fileRef = A299CE71294F580C00430546 /* cookiestringconstant.swift */; };
		A299CE7F294F97ED00430546 /* Assets.xcassets in Resources */ = {isa = PBXBuildFile; fileRef = A299CE7E294F97ED00430546 /* Assets.xcassets */; };
		A299CE82294F97ED00430546 /* Main.storyboard in Resources */ = {isa = PBXBuildFile; fileRef = A299CE80294F97ED00430546 /* Main.storyboard */; };
		A299CE92294F987500430546 /* AppDelegate.swift in Sources */ = {isa = PBXBuildFile; fileRef = A299CE8A294F987500430546 /* AppDelegate.swift */; };
		A299CE98294F989D00430546 /* Issue.swift in Sources */ = {isa = PBXBuildFile; fileRef = C49440D427847873000600CA /* Issue.swift */; };
		A2B45BDA295738710088C465 /* CallbackRepeater.swift in Sources */ = {isa = PBXBuildFile; fileRef = A2B45BD9295738710088C465 /* CallbackRepeater.swift */; };
		A2B45BDC29573C2B0088C465 /* SprintReviewer.swift in Sources */ = {isa = PBXBuildFile; fileRef = A2B45BDB29573C2B0088C465 /* SprintReviewer.swift */; };
		A2B64C2E2954E9A9004F9ACB /* ActiveSprintFetcher.swift in Sources */ = {isa = PBXBuildFile; fileRef = A2B64C2D2954E9A9004F9ACB /* ActiveSprintFetcher.swift */; };
		A2DA511A294F998B002D27AA /* URLRequest+JIRA.swift in Sources */ = {isa = PBXBuildFile; fileRef = C49440D2278477FF000600CA /* URLRequest+JIRA.swift */; };
		A2DA511B294F998E002D27AA /* URLResponse+RateLimit.swift in Sources */ = {isa = PBXBuildFile; fileRef = A299CE64294E120700430546 /* URLResponse+RateLimit.swift */; };
		C49440D3278477FF000600CA /* URLRequest+JIRA.swift in Sources */ = {isa = PBXBuildFile; fileRef = C49440D2278477FF000600CA /* URLRequest+JIRA.swift */; };
		C49440D527847873000600CA /* Issue.swift in Sources */ = {isa = PBXBuildFile; fileRef = C49440D427847873000600CA /* Issue.swift */; };
		C49440D72784790B000600CA /* BoardsFetcher.swift in Sources */ = {isa = PBXBuildFile; fileRef = C49440D62784790B000600CA /* BoardsFetcher.swift */; };
		C49440D92784794E000600CA /* SprintsFetcher.swift in Sources */ = {isa = PBXBuildFile; fileRef = C49440D82784794E000600CA /* SprintsFetcher.swift */; };
		C49440DB278479B0000600CA /* BurndownFetcher.swift in Sources */ = {isa = PBXBuildFile; fileRef = C49440DA278479B0000600CA /* BurndownFetcher.swift */; };
		C49440DD278479CC000600CA /* IssuesDetailsFetcher.swift in Sources */ = {isa = PBXBuildFile; fileRef = C49440DC278479CC000600CA /* IssuesDetailsFetcher.swift */; };
		C49440E0278479F6000600CA /* SprintAccountant.swift in Sources */ = {isa = PBXBuildFile; fileRef = C49440DF278479F6000600CA /* SprintAccountant.swift */; };
		C49440E227847A05000600CA /* Ticket.swift in Sources */ = {isa = PBXBuildFile; fileRef = C49440E127847A05000600CA /* Ticket.swift */; };
		C49440E427847A22000600CA /* SprintAccount.swift in Sources */ = {isa = PBXBuildFile; fileRef = C49440E327847A22000600CA /* SprintAccount.swift */; };
		C4C5E8EC2784496E00C59F65 /* main.swift in Sources */ = {isa = PBXBuildFile; fileRef = C4C5E8EB2784496E00C59F65 /* main.swift */; };
/* End PBXBuildFile section */

/* Begin PBXCopyFilesBuildPhase section */
		C4C5E8E62784496E00C59F65 /* CopyFiles */ = {
			isa = PBXCopyFilesBuildPhase;
			buildActionMask = 2147483647;
			dstPath = /usr/share/man/man1/;
			dstSubfolderSpec = 0;
			files = (
			);
			runOnlyForDeploymentPostprocessing = 1;
		};
/* End PBXCopyFilesBuildPhase section */

/* Begin PBXFileReference section */
		39F0104E289C3B4A00AC9742 /* jsr.entitlements */ = {isa = PBXFileReference; lastKnownFileType = text.plist.entitlements; path = jsr.entitlements; sourceTree = "<group>"; };
		A22C304D294F9AD000EA743F /* ViewController.swift */ = {isa = PBXFileReference; lastKnownFileType = sourcecode.swift; path = ViewController.swift; sourceTree = "<group>"; };
		A22C304F294F9D6600EA743F /* SprintIssuesFetcher.swift */ = {isa = PBXFileReference; lastKnownFileType = sourcecode.swift; path = SprintIssuesFetcher.swift; sourceTree = "<group>"; };
		A23E57742950EDB700BD08E9 /* IssuesChangeLogsFetcher.swift */ = {isa = PBXFileReference; lastKnownFileType = sourcecode.swift; path = IssuesChangeLogsFetcher.swift; sourceTree = "<group>"; };
		A23E57762952497300BD08E9 /* SprintReview.swift */ = {isa = PBXFileReference; lastKnownFileType = sourcecode.swift; path = SprintReview.swift; sourceTree = "<group>"; };
		A23E57792953A12100BD08E9 /* SprintSummaryFetcher.swift */ = {isa = PBXFileReference; lastKnownFileType = sourcecode.swift; path = SprintSummaryFetcher.swift; sourceTree = "<group>"; };
		A299CE64294E120700430546 /* URLResponse+RateLimit.swift */ = {isa = PBXFileReference; lastKnownFileType = sourcecode.swift; path = "URLResponse+RateLimit.swift"; sourceTree = "<group>"; };
		A299CE6F294F57BE00430546 /* Global Functions.swift */ = {isa = PBXFileReference; lastKnownFileType = sourcecode.swift; path = "Global Functions.swift"; sourceTree = "<group>"; };
		A299CE71294F580C00430546 /* cookiestringconstant.swift */ = {isa = PBXFileReference; lastKnownFileType = sourcecode.swift; path = cookiestringconstant.swift; sourceTree = "<group>"; };
		A299CE78294F97EC00430546 /* jsn.app */ = {isa = PBXFileReference; explicitFileType = wrapper.application; includeInIndex = 0; path = jsn.app; sourceTree = BUILT_PRODUCTS_DIR; };
		A299CE7E294F97ED00430546 /* Assets.xcassets */ = {isa = PBXFileReference; lastKnownFileType = folder.assetcatalog; path = Assets.xcassets; sourceTree = "<group>"; };
		A299CE81294F97ED00430546 /* Base */ = {isa = PBXFileReference; lastKnownFileType = file.storyboard; name = Base; path = Base.lproj/Main.storyboard; sourceTree = "<group>"; };
		A299CE83294F97ED00430546 /* jsn.entitlements */ = {isa = PBXFileReference; lastKnownFileType = text.plist.entitlements; path = jsn.entitlements; sourceTree = "<group>"; };
		A299CE8A294F987500430546 /* AppDelegate.swift */ = {isa = PBXFileReference; fileEncoding = 4; lastKnownFileType = sourcecode.swift; path = AppDelegate.swift; sourceTree = "<group>"; };
		A2B45BD9295738710088C465 /* CallbackRepeater.swift */ = {isa = PBXFileReference; lastKnownFileType = sourcecode.swift; path = CallbackRepeater.swift; sourceTree = "<group>"; };
		A2B45BDB29573C2B0088C465 /* SprintReviewer.swift */ = {isa = PBXFileReference; lastKnownFileType = sourcecode.swift; path = SprintReviewer.swift; sourceTree = "<group>"; };
		A2B64C2D2954E9A9004F9ACB /* ActiveSprintFetcher.swift */ = {isa = PBXFileReference; lastKnownFileType = sourcecode.swift; path = ActiveSprintFetcher.swift; sourceTree = "<group>"; };
		C49440D2278477FF000600CA /* URLRequest+JIRA.swift */ = {isa = PBXFileReference; lastKnownFileType = sourcecode.swift; path = "URLRequest+JIRA.swift"; sourceTree = "<group>"; };
		C49440D427847873000600CA /* Issue.swift */ = {isa = PBXFileReference; lastKnownFileType = sourcecode.swift; path = Issue.swift; sourceTree = "<group>"; };
		C49440D62784790B000600CA /* BoardsFetcher.swift */ = {isa = PBXFileReference; lastKnownFileType = sourcecode.swift; path = BoardsFetcher.swift; sourceTree = "<group>"; };
		C49440D82784794E000600CA /* SprintsFetcher.swift */ = {isa = PBXFileReference; lastKnownFileType = sourcecode.swift; path = SprintsFetcher.swift; sourceTree = "<group>"; };
		C49440DA278479B0000600CA /* BurndownFetcher.swift */ = {isa = PBXFileReference; lastKnownFileType = sourcecode.swift; path = BurndownFetcher.swift; sourceTree = "<group>"; };
		C49440DC278479CC000600CA /* IssuesDetailsFetcher.swift */ = {isa = PBXFileReference; lastKnownFileType = sourcecode.swift; path = IssuesDetailsFetcher.swift; sourceTree = "<group>"; };
		C49440DF278479F6000600CA /* SprintAccountant.swift */ = {isa = PBXFileReference; lastKnownFileType = sourcecode.swift; path = SprintAccountant.swift; sourceTree = "<group>"; };
		C49440E127847A05000600CA /* Ticket.swift */ = {isa = PBXFileReference; lastKnownFileType = sourcecode.swift; path = Ticket.swift; sourceTree = "<group>"; };
		C49440E327847A22000600CA /* SprintAccount.swift */ = {isa = PBXFileReference; lastKnownFileType = sourcecode.swift; path = SprintAccount.swift; sourceTree = "<group>"; };
		C4C5E8E82784496E00C59F65 /* jsr */ = {isa = PBXFileReference; explicitFileType = "compiled.mach-o.executable"; includeInIndex = 0; path = jsr; sourceTree = BUILT_PRODUCTS_DIR; };
		C4C5E8EB2784496E00C59F65 /* main.swift */ = {isa = PBXFileReference; lastKnownFileType = sourcecode.swift; path = main.swift; sourceTree = "<group>"; };
/* End PBXFileReference section */

/* Begin PBXFrameworksBuildPhase section */
		A299CE75294F97EC00430546 /* Frameworks */ = {
			isa = PBXFrameworksBuildPhase;
			buildActionMask = 2147483647;
			files = (
			);
			runOnlyForDeploymentPostprocessing = 0;
		};
		C4C5E8E52784496E00C59F65 /* Frameworks */ = {
			isa = PBXFrameworksBuildPhase;
			buildActionMask = 2147483647;
			files = (
			);
			runOnlyForDeploymentPostprocessing = 0;
		};
/* End PBXFrameworksBuildPhase section */

/* Begin PBXGroup section */
		A299CE6C294E12D700430546 /* Networking */ = {
			isa = PBXGroup;
			children = (
				C49440D2278477FF000600CA /* URLRequest+JIRA.swift */,
				A299CE64294E120700430546 /* URLResponse+RateLimit.swift */,
			);
			path = Networking;
			sourceTree = "<group>";
		};
		A299CE73294F595B00430546 /* Jira api fetchers */ = {
			isa = PBXGroup;
			children = (
				C49440D62784790B000600CA /* BoardsFetcher.swift */,
				C49440D82784794E000600CA /* SprintsFetcher.swift */,
				C49440DA278479B0000600CA /* BurndownFetcher.swift */,
				C49440DC278479CC000600CA /* IssuesDetailsFetcher.swift */,
			);
			path = "Jira api fetchers";
			sourceTree = "<group>";
		};
		A299CE79294F97EC00430546 /* jsn */ = {
			isa = PBXGroup;
			children = (
				A299CE8A294F987500430546 /* AppDelegate.swift */,
				A2B45BDB29573C2B0088C465 /* SprintReviewer.swift */,
				A2B45BD9295738710088C465 /* CallbackRepeater.swift */,
				A22C304D294F9AD000EA743F /* ViewController.swift */,
				A22C304F294F9D6600EA743F /* SprintIssuesFetcher.swift */,
				A23E57792953A12100BD08E9 /* SprintSummaryFetcher.swift */,
				A23E57762952497300BD08E9 /* SprintReview.swift */,
				A2B64C2D2954E9A9004F9ACB /* ActiveSprintFetcher.swift */,
				A23E57742950EDB700BD08E9 /* IssuesChangeLogsFetcher.swift */,
				A299CE7E294F97ED00430546 /* Assets.xcassets */,
				A299CE80294F97ED00430546 /* Main.storyboard */,
				A299CE83294F97ED00430546 /* jsn.entitlements */,
			);
			path = jsn;
			sourceTree = "<group>";
		};
		A299CE97294F989100430546 /* shared */ = {
			isa = PBXGroup;
			children = (
				A299CE6C294E12D700430546 /* Networking */,
				C49440D427847873000600CA /* Issue.swift */,
				A299CE71294F580C00430546 /* cookiestringconstant.swift */,
			);
			path = shared;
			sourceTree = "<group>";
		};
		C49440DE278479DB000600CA /* SprintAccountant */ = {
			isa = PBXGroup;
			children = (
				C49440DF278479F6000600CA /* SprintAccountant.swift */,
				C49440E127847A05000600CA /* Ticket.swift */,
				C49440E327847A22000600CA /* SprintAccount.swift */,
			);
			path = SprintAccountant;
			sourceTree = "<group>";
		};
		C4C5E8DF2784496E00C59F65 = {
			isa = PBXGroup;
			children = (
				A299CE97294F989100430546 /* shared */,
				C4C5E8EA2784496E00C59F65 /* jsr */,
				A299CE79294F97EC00430546 /* jsn */,
				C4C5E8E92784496E00C59F65 /* Products */,
			);
			sourceTree = "<group>";
		};
		C4C5E8E92784496E00C59F65 /* Products */ = {
			isa = PBXGroup;
			children = (
				C4C5E8E82784496E00C59F65 /* jsr */,
				A299CE78294F97EC00430546 /* jsn.app */,
			);
			name = Products;
			sourceTree = "<group>";
		};
		C4C5E8EA2784496E00C59F65 /* jsr */ = {
			isa = PBXGroup;
			children = (
				39F0104E289C3B4A00AC9742 /* jsr.entitlements */,
				C4C5E8EB2784496E00C59F65 /* main.swift */,
				A299CE6F294F57BE00430546 /* Global Functions.swift */,
				A299CE73294F595B00430546 /* Jira api fetchers */,
				C49440DE278479DB000600CA /* SprintAccountant */,
			);
			path = jsr;
			sourceTree = "<group>";
		};
/* End PBXGroup section */

/* Begin PBXNativeTarget section */
		A299CE77294F97EC00430546 /* jsn */ = {
			isa = PBXNativeTarget;
			buildConfigurationList = A299CE86294F97ED00430546 /* Build configuration list for PBXNativeTarget "jsn" */;
			buildPhases = (
				A299CE74294F97EC00430546 /* Sources */,
				A299CE75294F97EC00430546 /* Frameworks */,
				A299CE76294F97EC00430546 /* Resources */,
			);
			buildRules = (
			);
			dependencies = (
			);
			name = jsn;
			productName = jsn;
			productReference = A299CE78294F97EC00430546 /* jsn.app */;
			productType = "com.apple.product-type.application";
		};
		C4C5E8E72784496E00C59F65 /* jsr */ = {
			isa = PBXNativeTarget;
			buildConfigurationList = C4C5E8EF2784496E00C59F65 /* Build configuration list for PBXNativeTarget "jsr" */;
			buildPhases = (
				C4C5E8E42784496E00C59F65 /* Sources */,
				C4C5E8E52784496E00C59F65 /* Frameworks */,
				C4C5E8E62784496E00C59F65 /* CopyFiles */,
			);
			buildRules = (
			);
			dependencies = (
			);
			name = jsr;
			productName = "Jira Sprint Reporter";
			productReference = C4C5E8E82784496E00C59F65 /* jsr */;
			productType = "com.apple.product-type.tool";
		};
/* End PBXNativeTarget section */

/* Begin PBXProject section */
		C4C5E8E02784496E00C59F65 /* Project object */ = {
			isa = PBXProject;
			attributes = {
				BuildIndependentTargetsInParallel = 1;
				LastSwiftUpdateCheck = 1400;
				LastUpgradeCheck = 1420;
				TargetAttributes = {
					A299CE77294F97EC00430546 = {
						CreatedOnToolsVersion = 14.0.1;
						LastSwiftMigration = 1400;
					};
					C4C5E8E72784496E00C59F65 = {
						CreatedOnToolsVersion = 13.0;
					};
				};
			};
			buildConfigurationList = C4C5E8E32784496E00C59F65 /* Build configuration list for PBXProject "Jira Sprint Reporter" */;
			compatibilityVersion = "Xcode 13.0";
			developmentRegion = en;
			hasScannedForEncodings = 0;
			knownRegions = (
				en,
				Base,
			);
			mainGroup = C4C5E8DF2784496E00C59F65;
			productRefGroup = C4C5E8E92784496E00C59F65 /* Products */;
			projectDirPath = "";
			projectRoot = "";
			targets = (
				C4C5E8E72784496E00C59F65 /* jsr */,
				A299CE77294F97EC00430546 /* jsn */,
			);
		};
/* End PBXProject section */

/* Begin PBXResourcesBuildPhase section */
		A299CE76294F97EC00430546 /* Resources */ = {
			isa = PBXResourcesBuildPhase;
			buildActionMask = 2147483647;
			files = (
				A299CE7F294F97ED00430546 /* Assets.xcassets in Resources */,
				A299CE82294F97ED00430546 /* Main.storyboard in Resources */,
			);
			runOnlyForDeploymentPostprocessing = 0;
		};
/* End PBXResourcesBuildPhase section */

/* Begin PBXSourcesBuildPhase section */
		A299CE74294F97EC00430546 /* Sources */ = {
			isa = PBXSourcesBuildPhase;
			buildActionMask = 2147483647;
			files = (
				A23E57752950EDB700BD08E9 /* IssuesChangeLogsFetcher.swift in Sources */,
				A22C304E294F9AD000EA743F /* ViewController.swift in Sources */,
				A23E577A2953A12100BD08E9 /* SprintSummaryFetcher.swift in Sources */,
				A299CE92294F987500430546 /* AppDelegate.swift in Sources */,
				A22C3050294F9D6600EA743F /* SprintIssuesFetcher.swift in Sources */,
				A22C304C294F9A9800EA743F /* cookiestringconstant.swift in Sources */,
				A2DA511A294F998B002D27AA /* URLRequest+JIRA.swift in Sources */,
				A2B45BDA295738710088C465 /* CallbackRepeater.swift in Sources */,
				A23E57772952497300BD08E9 /* SprintReview.swift in Sources */,
				A2DA511B294F998E002D27AA /* URLResponse+RateLimit.swift in Sources */,
				A299CE98294F989D00430546 /* Issue.swift in Sources */,
				A2B45BDC29573C2B0088C465 /* SprintReviewer.swift in Sources */,
				A2B64C2E2954E9A9004F9ACB /* ActiveSprintFetcher.swift in Sources */,
			);
			runOnlyForDeploymentPostprocessing = 0;
		};
		C4C5E8E42784496E00C59F65 /* Sources */ = {
			isa = PBXSourcesBuildPhase;
			buildActionMask = 2147483647;
			files = (
				C49440DB278479B0000600CA /* BurndownFetcher.swift in Sources */,
				C49440E0278479F6000600CA /* SprintAccountant.swift in Sources */,
				C4C5E8EC2784496E00C59F65 /* main.swift in Sources */,
				A299CE72294F580C00430546 /* cookiestringconstant.swift in Sources */,
				C49440D92784794E000600CA /* SprintsFetcher.swift in Sources */,
				C49440E227847A05000600CA /* Ticket.swift in Sources */,
				C49440D3278477FF000600CA /* URLRequest+JIRA.swift in Sources */,
				C49440D72784790B000600CA /* BoardsFetcher.swift in Sources */,
				A299CE70294F57BE00430546 /* Global Functions.swift in Sources */,
				A299CE6B294E12AB00430546 /* URLResponse+RateLimit.swift in Sources */,
				C49440D527847873000600CA /* Issue.swift in Sources */,
				C49440DD278479CC000600CA /* IssuesDetailsFetcher.swift in Sources */,
				C49440E427847A22000600CA /* SprintAccount.swift in Sources */,
			);
			runOnlyForDeploymentPostprocessing = 0;
		};
/* End PBXSourcesBuildPhase section */

/* Begin PBXVariantGroup section */
		A299CE80294F97ED00430546 /* Main.storyboard */ = {
			isa = PBXVariantGroup;
			children = (
				A299CE81294F97ED00430546 /* Base */,
			);
			name = Main.storyboard;
			sourceTree = "<group>";
		};
/* End PBXVariantGroup section */

/* Begin XCBuildConfiguration section */
		A299CE84294F97ED00430546 /* Debug */ = {
			isa = XCBuildConfiguration;
			buildSettings = {
				ASSETCATALOG_COMPILER_APPICON_NAME = AppIcon;
				ASSETCATALOG_COMPILER_GLOBAL_ACCENT_COLOR_NAME = AccentColor;
				CLANG_CXX_LANGUAGE_STANDARD = "gnu++20";
				CLANG_ENABLE_MODULES = YES;
				CODE_SIGN_ENTITLEMENTS = jsn/jsn.entitlements;
				CODE_SIGN_STYLE = Manual;
				COMBINE_HIDPI_IMAGES = YES;
				CURRENT_PROJECT_VERSION = 1;
				DEAD_CODE_STRIPPING = YES;
				DEVELOPMENT_TEAM = "";
				ENABLE_HARDENED_RUNTIME = NO;
				GENERATE_INFOPLIST_FILE = YES;
				INFOPLIST_KEY_CFBundleDisplayName = "Sprint Notifier";
				INFOPLIST_KEY_NSHumanReadableCopyright = "";
				INFOPLIST_KEY_NSMainStoryboardFile = Main;
				INFOPLIST_KEY_NSPrincipalClass = NSApplication;
				LD_RUNPATH_SEARCH_PATHS = (
					"$(inherited)",
					"@executable_path/../Frameworks",
				);
				MACOSX_DEPLOYMENT_TARGET = 12.3;
				MARKETING_VERSION = 1.0;
				PRODUCT_BUNDLE_IDENTIFIER = com.recharge.jsn;
				PRODUCT_NAME = "$(TARGET_NAME)";
				PROVISIONING_PROFILE_SPECIFIER = "";
				SWIFT_EMIT_LOC_STRINGS = YES;
				SWIFT_OPTIMIZATION_LEVEL = "-Onone";
				SWIFT_VERSION = 5.0;
			};
			name = Debug;
		};
		A299CE85294F97ED00430546 /* Release */ = {
			isa = XCBuildConfiguration;
			buildSettings = {
				ASSETCATALOG_COMPILER_APPICON_NAME = AppIcon;
				ASSETCATALOG_COMPILER_GLOBAL_ACCENT_COLOR_NAME = AccentColor;
				CLANG_CXX_LANGUAGE_STANDARD = "gnu++20";
				CLANG_ENABLE_MODULES = YES;
				CODE_SIGN_ENTITLEMENTS = jsn/jsn.entitlements;
				CODE_SIGN_STYLE = Manual;
				COMBINE_HIDPI_IMAGES = YES;
				CURRENT_PROJECT_VERSION = 1;
				DEAD_CODE_STRIPPING = YES;
				DEVELOPMENT_TEAM = "";
				ENABLE_HARDENED_RUNTIME = NO;
				GENERATE_INFOPLIST_FILE = YES;
				INFOPLIST_KEY_CFBundleDisplayName = "Sprint Notifier";
				INFOPLIST_KEY_NSHumanReadableCopyright = "";
				INFOPLIST_KEY_NSMainStoryboardFile = Main;
				INFOPLIST_KEY_NSPrincipalClass = NSApplication;
				LD_RUNPATH_SEARCH_PATHS = (
					"$(inherited)",
					"@executable_path/../Frameworks",
				);
				MACOSX_DEPLOYMENT_TARGET = 12.3;
				MARKETING_VERSION = 1.0;
				PRODUCT_BUNDLE_IDENTIFIER = com.recharge.jsn;
				PRODUCT_NAME = "$(TARGET_NAME)";
				PROVISIONING_PROFILE_SPECIFIER = "";
				SWIFT_EMIT_LOC_STRINGS = YES;
				SWIFT_VERSION = 5.0;
			};
			name = Release;
		};
		C4C5E8ED2784496E00C59F65 /* Debug */ = {
			isa = XCBuildConfiguration;
			buildSettings = {
				ALWAYS_SEARCH_USER_PATHS = NO;
				CLANG_ANALYZER_NONNULL = YES;
				CLANG_ANALYZER_NUMBER_OBJECT_CONVERSION = YES_AGGRESSIVE;
				CLANG_CXX_LANGUAGE_STANDARD = "gnu++17";
				CLANG_CXX_LIBRARY = "libc++";
				CLANG_ENABLE_MODULES = YES;
				CLANG_ENABLE_OBJC_ARC = YES;
				CLANG_ENABLE_OBJC_WEAK = YES;
				CLANG_WARN_BLOCK_CAPTURE_AUTORELEASING = YES;
				CLANG_WARN_BOOL_CONVERSION = YES;
				CLANG_WARN_COMMA = YES;
				CLANG_WARN_CONSTANT_CONVERSION = YES;
				CLANG_WARN_DEPRECATED_OBJC_IMPLEMENTATIONS = YES;
				CLANG_WARN_DIRECT_OBJC_ISA_USAGE = YES_ERROR;
				CLANG_WARN_DOCUMENTATION_COMMENTS = YES;
				CLANG_WARN_EMPTY_BODY = YES;
				CLANG_WARN_ENUM_CONVERSION = YES;
				CLANG_WARN_INFINITE_RECURSION = YES;
				CLANG_WARN_INT_CONVERSION = YES;
				CLANG_WARN_NON_LITERAL_NULL_CONVERSION = YES;
				CLANG_WARN_OBJC_IMPLICIT_RETAIN_SELF = YES;
				CLANG_WARN_OBJC_LITERAL_CONVERSION = YES;
				CLANG_WARN_OBJC_ROOT_CLASS = YES_ERROR;
				CLANG_WARN_QUOTED_INCLUDE_IN_FRAMEWORK_HEADER = YES;
				CLANG_WARN_RANGE_LOOP_ANALYSIS = YES;
				CLANG_WARN_STRICT_PROTOTYPES = YES;
				CLANG_WARN_SUSPICIOUS_MOVE = YES;
				CLANG_WARN_UNGUARDED_AVAILABILITY = YES_AGGRESSIVE;
				CLANG_WARN_UNREACHABLE_CODE = YES;
				CLANG_WARN__DUPLICATE_METHOD_MATCH = YES;
				COPY_PHASE_STRIP = NO;
				DEAD_CODE_STRIPPING = YES;
				DEBUG_INFORMATION_FORMAT = dwarf;
				ENABLE_STRICT_OBJC_MSGSEND = YES;
				ENABLE_TESTABILITY = YES;
				GCC_C_LANGUAGE_STANDARD = gnu11;
				GCC_DYNAMIC_NO_PIC = NO;
				GCC_NO_COMMON_BLOCKS = YES;
				GCC_OPTIMIZATION_LEVEL = 0;
				GCC_PREPROCESSOR_DEFINITIONS = (
					"DEBUG=1",
					"$(inherited)",
				);
				GCC_WARN_64_TO_32_BIT_CONVERSION = YES;
				GCC_WARN_ABOUT_RETURN_TYPE = YES_ERROR;
				GCC_WARN_UNDECLARED_SELECTOR = YES;
				GCC_WARN_UNINITIALIZED_AUTOS = YES_AGGRESSIVE;
				GCC_WARN_UNUSED_FUNCTION = YES;
				GCC_WARN_UNUSED_VARIABLE = YES;
				MACOSX_DEPLOYMENT_TARGET = 11.3;
				MTL_ENABLE_DEBUG_INFO = INCLUDE_SOURCE;
				MTL_FAST_MATH = YES;
				ONLY_ACTIVE_ARCH = YES;
				SDKROOT = macosx;
				SWIFT_ACTIVE_COMPILATION_CONDITIONS = DEBUG;
				SWIFT_OPTIMIZATION_LEVEL = "-Onone";
			};
			name = Debug;
		};
		C4C5E8EE2784496E00C59F65 /* Release */ = {
			isa = XCBuildConfiguration;
			buildSettings = {
				ALWAYS_SEARCH_USER_PATHS = NO;
				CLANG_ANALYZER_NONNULL = YES;
				CLANG_ANALYZER_NUMBER_OBJECT_CONVERSION = YES_AGGRESSIVE;
				CLANG_CXX_LANGUAGE_STANDARD = "gnu++17";
				CLANG_CXX_LIBRARY = "libc++";
				CLANG_ENABLE_MODULES = YES;
				CLANG_ENABLE_OBJC_ARC = YES;
				CLANG_ENABLE_OBJC_WEAK = YES;
				CLANG_WARN_BLOCK_CAPTURE_AUTORELEASING = YES;
				CLANG_WARN_BOOL_CONVERSION = YES;
				CLANG_WARN_COMMA = YES;
				CLANG_WARN_CONSTANT_CONVERSION = YES;
				CLANG_WARN_DEPRECATED_OBJC_IMPLEMENTATIONS = YES;
				CLANG_WARN_DIRECT_OBJC_ISA_USAGE = YES_ERROR;
				CLANG_WARN_DOCUMENTATION_COMMENTS = YES;
				CLANG_WARN_EMPTY_BODY = YES;
				CLANG_WARN_ENUM_CONVERSION = YES;
				CLANG_WARN_INFINITE_RECURSION = YES;
				CLANG_WARN_INT_CONVERSION = YES;
				CLANG_WARN_NON_LITERAL_NULL_CONVERSION = YES;
				CLANG_WARN_OBJC_IMPLICIT_RETAIN_SELF = YES;
				CLANG_WARN_OBJC_LITERAL_CONVERSION = YES;
				CLANG_WARN_OBJC_ROOT_CLASS = YES_ERROR;
				CLANG_WARN_QUOTED_INCLUDE_IN_FRAMEWORK_HEADER = YES;
				CLANG_WARN_RANGE_LOOP_ANALYSIS = YES;
				CLANG_WARN_STRICT_PROTOTYPES = YES;
				CLANG_WARN_SUSPICIOUS_MOVE = YES;
				CLANG_WARN_UNGUARDED_AVAILABILITY = YES_AGGRESSIVE;
				CLANG_WARN_UNREACHABLE_CODE = YES;
				CLANG_WARN__DUPLICATE_METHOD_MATCH = YES;
				COPY_PHASE_STRIP = NO;
				DEAD_CODE_STRIPPING = YES;
				DEBUG_INFORMATION_FORMAT = "dwarf-with-dsym";
				ENABLE_NS_ASSERTIONS = NO;
				ENABLE_STRICT_OBJC_MSGSEND = YES;
				GCC_C_LANGUAGE_STANDARD = gnu11;
				GCC_NO_COMMON_BLOCKS = YES;
				GCC_WARN_64_TO_32_BIT_CONVERSION = YES;
				GCC_WARN_ABOUT_RETURN_TYPE = YES_ERROR;
				GCC_WARN_UNDECLARED_SELECTOR = YES;
				GCC_WARN_UNINITIALIZED_AUTOS = YES_AGGRESSIVE;
				GCC_WARN_UNUSED_FUNCTION = YES;
				GCC_WARN_UNUSED_VARIABLE = YES;
				MACOSX_DEPLOYMENT_TARGET = 11.3;
				MTL_ENABLE_DEBUG_INFO = NO;
				MTL_FAST_MATH = YES;
				SDKROOT = macosx;
				SWIFT_COMPILATION_MODE = wholemodule;
				SWIFT_OPTIMIZATION_LEVEL = "-O";
			};
			name = Release;
		};
		C4C5E8F02784496E00C59F65 /* Debug */ = {
			isa = XCBuildConfiguration;
			buildSettings = {
				CODE_SIGN_ENTITLEMENTS = jsr/jsr.entitlements;
				CODE_SIGN_STYLE = Automatic;
				DEAD_CODE_STRIPPING = YES;
				DEVELOPMENT_TEAM = 2C6KT7L4EZ;
				ENABLE_HARDENED_RUNTIME = NO;
				MACOSX_DEPLOYMENT_TARGET = 12.3;
				PRODUCT_NAME = "$(TARGET_NAME)";
				SWIFT_VERSION = 5.0;
			};
			name = Debug;
		};
		C4C5E8F12784496E00C59F65 /* Release */ = {
			isa = XCBuildConfiguration;
			buildSettings = {
				CODE_SIGN_ENTITLEMENTS = jsr/jsr.entitlements;
				CODE_SIGN_STYLE = Automatic;
				DEAD_CODE_STRIPPING = YES;
				DEVELOPMENT_TEAM = 2C6KT7L4EZ;
				ENABLE_HARDENED_RUNTIME = NO;
				MACOSX_DEPLOYMENT_TARGET = 12.3;
				PRODUCT_NAME = "$(TARGET_NAME)";
				SWIFT_VERSION = 5.0;
			};
			name = Release;
		};
/* End XCBuildConfiguration section */

/* Begin XCConfigurationList section */
		A299CE86294F97ED00430546 /* Build configuration list for PBXNativeTarget "jsn" */ = {
			isa = XCConfigurationList;
			buildConfigurations = (
				A299CE84294F97ED00430546 /* Debug */,
				A299CE85294F97ED00430546 /* Release */,
			);
			defaultConfigurationIsVisible = 0;
			defaultConfigurationName = Release;
		};
		C4C5E8E32784496E00C59F65 /* Build configuration list for PBXProject "Jira Sprint Reporter" */ = {
			isa = XCConfigurationList;
			buildConfigurations = (
				C4C5E8ED2784496E00C59F65 /* Debug */,
				C4C5E8EE2784496E00C59F65 /* Release */,
			);
			defaultConfigurationIsVisible = 0;
			defaultConfigurationName = Release;
		};
		C4C5E8EF2784496E00C59F65 /* Build configuration list for PBXNativeTarget "jsr" */ = {
			isa = XCConfigurationList;
			buildConfigurations = (
				C4C5E8F02784496E00C59F65 /* Debug */,
				C4C5E8F12784496E00C59F65 /* Release */,
			);
			defaultConfigurationIsVisible = 0;
			defaultConfigurationName = Release;
		};
/* End XCConfigurationList section */
	};
	rootObject = C4C5E8E02784496E00C59F65 /* Project object */;
}
